// !$*UTF8*$!
{
	archiveVersion = 1;
	classes = {
	};
	objectVersion = 55;
	objects = {

/* Begin PBXBuildFile section */
		BB945BB927F53629008B4A0D /* InventionDice.xcdatamodeld in Sources */ = {isa = PBXBuildFile; fileRef = BB945BA627F53628008B4A0D /* InventionDice.xcdatamodeld */; };
		BB945BBA27F53629008B4A0D /* InventionDice.xcdatamodeld in Sources */ = {isa = PBXBuildFile; fileRef = BB945BA627F53628008B4A0D /* InventionDice.xcdatamodeld */; };
		BB945BBB27F53629008B4A0D /* InventionDiceApp.swift in Sources */ = {isa = PBXBuildFile; fileRef = BB945BA827F53628008B4A0D /* InventionDiceApp.swift */; };
		BB945BBC27F53629008B4A0D /* InventionDiceApp.swift in Sources */ = {isa = PBXBuildFile; fileRef = BB945BA827F53628008B4A0D /* InventionDiceApp.swift */; };
		BB945BBD27F53629008B4A0D /* ContentView.swift in Sources */ = {isa = PBXBuildFile; fileRef = BB945BA927F53628008B4A0D /* ContentView.swift */; };
		BB945BBE27F53629008B4A0D /* ContentView.swift in Sources */ = {isa = PBXBuildFile; fileRef = BB945BA927F53628008B4A0D /* ContentView.swift */; };
		BB945BBF27F53629008B4A0D /* Persistence.swift in Sources */ = {isa = PBXBuildFile; fileRef = BB945BAA27F53628008B4A0D /* Persistence.swift */; };
		BB945BC027F53629008B4A0D /* Persistence.swift in Sources */ = {isa = PBXBuildFile; fileRef = BB945BAA27F53628008B4A0D /* Persistence.swift */; };
		BB945BC127F53629008B4A0D /* Assets.xcassets in Resources */ = {isa = PBXBuildFile; fileRef = BB945BAB27F53629008B4A0D /* Assets.xcassets */; };
		BB945BC227F53629008B4A0D /* Assets.xcassets in Resources */ = {isa = PBXBuildFile; fileRef = BB945BAB27F53629008B4A0D /* Assets.xcassets */; };
		BB945BCC27F53671008B4A0D /* SavedIdeasView.swift in Sources */ = {isa = PBXBuildFile; fileRef = BB945BCB27F53671008B4A0D /* SavedIdeasView.swift */; };
		BB945BCD27F53671008B4A0D /* SavedIdeasView.swift in Sources */ = {isa = PBXBuildFile; fileRef = BB945BCB27F53671008B4A0D /* SavedIdeasView.swift */; };
		BB945BD227F5378B008B4A0D /* IdeaDice.swift in Sources */ = {isa = PBXBuildFile; fileRef = BB945BD127F5378B008B4A0D /* IdeaDice.swift */; };
		BB945BD327F5378B008B4A0D /* IdeaDice.swift in Sources */ = {isa = PBXBuildFile; fileRef = BB945BD127F5378B008B4A0D /* IdeaDice.swift */; };
		BB945BD527F53A8C008B4A0D /* IdeaDiceView.swift in Sources */ = {isa = PBXBuildFile; fileRef = BB945BD427F53A8C008B4A0D /* IdeaDiceView.swift */; };
		BB945BD627F53A8C008B4A0D /* IdeaDiceView.swift in Sources */ = {isa = PBXBuildFile; fileRef = BB945BD427F53A8C008B4A0D /* IdeaDiceView.swift */; };
/* End PBXBuildFile section */

/* Begin PBXFileReference section */
		BB945BA727F53628008B4A0D /* Shared.xcdatamodel */ = {isa = PBXFileReference; lastKnownFileType = wrapper.xcdatamodel; path = Shared.xcdatamodel; sourceTree = "<group>"; };
		BB945BA827F53628008B4A0D /* InventionDiceApp.swift */ = {isa = PBXFileReference; lastKnownFileType = sourcecode.swift; path = InventionDiceApp.swift; sourceTree = "<group>"; };
		BB945BA927F53628008B4A0D /* ContentView.swift */ = {isa = PBXFileReference; lastKnownFileType = sourcecode.swift; path = ContentView.swift; sourceTree = "<group>"; };
		BB945BAA27F53628008B4A0D /* Persistence.swift */ = {isa = PBXFileReference; lastKnownFileType = sourcecode.swift; path = Persistence.swift; sourceTree = "<group>"; };
		BB945BAB27F53629008B4A0D /* Assets.xcassets */ = {isa = PBXFileReference; lastKnownFileType = folder.assetcatalog; path = Assets.xcassets; sourceTree = "<group>"; };
		BB945BB027F53629008B4A0D /* InventionDice.app */ = {isa = PBXFileReference; explicitFileType = wrapper.application; includeInIndex = 0; path = InventionDice.app; sourceTree = BUILT_PRODUCTS_DIR; };
		BB945BB627F53629008B4A0D /* InventionDice.app */ = {isa = PBXFileReference; explicitFileType = wrapper.application; includeInIndex = 0; path = InventionDice.app; sourceTree = BUILT_PRODUCTS_DIR; };
		BB945BB827F53629008B4A0D /* macOS.entitlements */ = {isa = PBXFileReference; lastKnownFileType = text.plist.entitlements; path = macOS.entitlements; sourceTree = "<group>"; };
		BB945BCB27F53671008B4A0D /* SavedIdeasView.swift */ = {isa = PBXFileReference; lastKnownFileType = sourcecode.swift; path = SavedIdeasView.swift; sourceTree = "<group>"; };
		BB945BD127F5378B008B4A0D /* IdeaDice.swift */ = {isa = PBXFileReference; lastKnownFileType = sourcecode.swift; path = IdeaDice.swift; sourceTree = "<group>"; };
		BB945BD427F53A8C008B4A0D /* IdeaDiceView.swift */ = {isa = PBXFileReference; lastKnownFileType = sourcecode.swift; path = IdeaDiceView.swift; sourceTree = "<group>"; };
/* End PBXFileReference section */

/* Begin PBXFrameworksBuildPhase section */
		BB945BAD27F53629008B4A0D /* Frameworks */ = {
			isa = PBXFrameworksBuildPhase;
			buildActionMask = 2147483647;
			files = (
			);
			runOnlyForDeploymentPostprocessing = 0;
		};
		BB945BB327F53629008B4A0D /* Frameworks */ = {
			isa = PBXFrameworksBuildPhase;
			buildActionMask = 2147483647;
			files = (
			);
			runOnlyForDeploymentPostprocessing = 0;
		};
/* End PBXFrameworksBuildPhase section */

/* Begin PBXGroup section */
		BB945BA027F53628008B4A0D = {
			isa = PBXGroup;
			children = (
				BB945BA527F53628008B4A0D /* Shared */,
				BB945BB727F53629008B4A0D /* macOS */,
				BB945BB127F53629008B4A0D /* Products */,
			);
			sourceTree = "<group>";
		};
		BB945BA527F53628008B4A0D /* Shared */ = {
			isa = PBXGroup;
			children = (
				BB945BA827F53628008B4A0D /* InventionDiceApp.swift */,
				BB945BA927F53628008B4A0D /* ContentView.swift */,
				BB945BD127F5378B008B4A0D /* IdeaDice.swift */,
				BB945BD427F53A8C008B4A0D /* IdeaDiceView.swift */,
				BB945BCB27F53671008B4A0D /* SavedIdeasView.swift */,
				BB945BAA27F53628008B4A0D /* Persistence.swift */,
				BB945BAB27F53629008B4A0D /* Assets.xcassets */,
				BB945BA627F53628008B4A0D /* InventionDice.xcdatamodeld */,
			);
			path = Shared;
			sourceTree = "<group>";
		};
		BB945BB127F53629008B4A0D /* Products */ = {
			isa = PBXGroup;
			children = (
				BB945BB027F53629008B4A0D /* InventionDice.app */,
				BB945BB627F53629008B4A0D /* InventionDice.app */,
			);
			name = Products;
			sourceTree = "<group>";
		};
		BB945BB727F53629008B4A0D /* macOS */ = {
			isa = PBXGroup;
			children = (
				BB945BB827F53629008B4A0D /* macOS.entitlements */,
			);
			path = macOS;
			sourceTree = "<group>";
		};
/* End PBXGroup section */

/* Begin PBXNativeTarget section */
		BB945BAF27F53629008B4A0D /* InventionDice (iOS) */ = {
			isa = PBXNativeTarget;
			buildConfigurationList = BB945BC527F53629008B4A0D /* Build configuration list for PBXNativeTarget "InventionDice (iOS)" */;
			buildPhases = (
				BB945BAC27F53629008B4A0D /* Sources */,
				BB945BAD27F53629008B4A0D /* Frameworks */,
				BB945BAE27F53629008B4A0D /* Resources */,
			);
			buildRules = (
			);
			dependencies = (
			);
			name = "InventionDice (iOS)";
			productName = "InventionDice (iOS)";
			productReference = BB945BB027F53629008B4A0D /* InventionDice.app */;
			productType = "com.apple.product-type.application";
		};
		BB945BB527F53629008B4A0D /* InventionDice (macOS) */ = {
			isa = PBXNativeTarget;
			buildConfigurationList = BB945BC827F53629008B4A0D /* Build configuration list for PBXNativeTarget "InventionDice (macOS)" */;
			buildPhases = (
				BB945BB227F53629008B4A0D /* Sources */,
				BB945BB327F53629008B4A0D /* Frameworks */,
				BB945BB427F53629008B4A0D /* Resources */,
			);
			buildRules = (
			);
			dependencies = (
			);
			name = "InventionDice (macOS)";
			productName = "InventionDice (macOS)";
			productReference = BB945BB627F53629008B4A0D /* InventionDice.app */;
			productType = "com.apple.product-type.application";
		};
/* End PBXNativeTarget section */

/* Begin PBXProject section */
		BB945BA127F53628008B4A0D /* Project object */ = {
			isa = PBXProject;
			attributes = {
				BuildIndependentTargetsInParallel = 1;
				LastSwiftUpdateCheck = 1320;
				LastUpgradeCheck = 1320;
				TargetAttributes = {
					BB945BAF27F53629008B4A0D = {
						CreatedOnToolsVersion = 13.2.1;
					};
					BB945BB527F53629008B4A0D = {
						CreatedOnToolsVersion = 13.2.1;
					};
				};
			};
			buildConfigurationList = BB945BA427F53628008B4A0D /* Build configuration list for PBXProject "InventionDice" */;
			compatibilityVersion = "Xcode 13.0";
			developmentRegion = en;
			hasScannedForEncodings = 0;
			knownRegions = (
				en,
				Base,
			);
			mainGroup = BB945BA027F53628008B4A0D;
			productRefGroup = BB945BB127F53629008B4A0D /* Products */;
			projectDirPath = "";
			projectRoot = "";
			targets = (
				BB945BAF27F53629008B4A0D /* InventionDice (iOS) */,
				BB945BB527F53629008B4A0D /* InventionDice (macOS) */,
			);
		};
/* End PBXProject section */

/* Begin PBXResourcesBuildPhase section */
		BB945BAE27F53629008B4A0D /* Resources */ = {
			isa = PBXResourcesBuildPhase;
			buildActionMask = 2147483647;
			files = (
				BB945BC127F53629008B4A0D /* Assets.xcassets in Resources */,
			);
			runOnlyForDeploymentPostprocessing = 0;
		};
		BB945BB427F53629008B4A0D /* Resources */ = {
			isa = PBXResourcesBuildPhase;
			buildActionMask = 2147483647;
			files = (
				BB945BC227F53629008B4A0D /* Assets.xcassets in Resources */,
			);
			runOnlyForDeploymentPostprocessing = 0;
		};
/* End PBXResourcesBuildPhase section */

/* Begin PBXSourcesBuildPhase section */
		BB945BAC27F53629008B4A0D /* Sources */ = {
			isa = PBXSourcesBuildPhase;
			buildActionMask = 2147483647;
			files = (
				BB945BD527F53A8C008B4A0D /* IdeaDiceView.swift in Sources */,
				BB945BCC27F53671008B4A0D /* SavedIdeasView.swift in Sources */,
				BB945BD227F5378B008B4A0D /* IdeaDice.swift in Sources */,
				BB945BB927F53629008B4A0D /* InventionDice.xcdatamodeld in Sources */,
				BB945BBF27F53629008B4A0D /* Persistence.swift in Sources */,
				BB945BBB27F53629008B4A0D /* InventionDiceApp.swift in Sources */,
				BB945BBD27F53629008B4A0D /* ContentView.swift in Sources */,
			);
			runOnlyForDeploymentPostprocessing = 0;
		};
		BB945BB227F53629008B4A0D /* Sources */ = {
			isa = PBXSourcesBuildPhase;
			buildActionMask = 2147483647;
			files = (
				BB945BD627F53A8C008B4A0D /* IdeaDiceView.swift in Sources */,
				BB945BCD27F53671008B4A0D /* SavedIdeasView.swift in Sources */,
				BB945BD327F5378B008B4A0D /* IdeaDice.swift in Sources */,
				BB945BBA27F53629008B4A0D /* InventionDice.xcdatamodeld in Sources */,
				BB945BC027F53629008B4A0D /* Persistence.swift in Sources */,
				BB945BBC27F53629008B4A0D /* InventionDiceApp.swift in Sources */,
				BB945BBE27F53629008B4A0D /* ContentView.swift in Sources */,
			);
			runOnlyForDeploymentPostprocessing = 0;
		};
/* End PBXSourcesBuildPhase section */

/* Begin XCBuildConfiguration section */
		BB945BC327F53629008B4A0D /* Debug */ = {
			isa = XCBuildConfiguration;
			buildSettings = {
				ALWAYS_SEARCH_USER_PATHS = NO;
				CLANG_ANALYZER_NONNULL = YES;
				CLANG_ANALYZER_NUMBER_OBJECT_CONVERSION = YES_AGGRESSIVE;
				CLANG_CXX_LANGUAGE_STANDARD = "gnu++17";
				CLANG_CXX_LIBRARY = "libc++";
				CLANG_ENABLE_MODULES = YES;
				CLANG_ENABLE_OBJC_ARC = YES;
				CLANG_ENABLE_OBJC_WEAK = YES;
				CLANG_WARN_BLOCK_CAPTURE_AUTORELEASING = YES;
				CLANG_WARN_BOOL_CONVERSION = YES;
				CLANG_WARN_COMMA = YES;
				CLANG_WARN_CONSTANT_CONVERSION = YES;
				CLANG_WARN_DEPRECATED_OBJC_IMPLEMENTATIONS = YES;
				CLANG_WARN_DIRECT_OBJC_ISA_USAGE = YES_ERROR;
				CLANG_WARN_DOCUMENTATION_COMMENTS = YES;
				CLANG_WARN_EMPTY_BODY = YES;
				CLANG_WARN_ENUM_CONVERSION = YES;
				CLANG_WARN_INFINITE_RECURSION = YES;
				CLANG_WARN_INT_CONVERSION = YES;
				CLANG_WARN_NON_LITERAL_NULL_CONVERSION = YES;
				CLANG_WARN_OBJC_IMPLICIT_RETAIN_SELF = YES;
				CLANG_WARN_OBJC_LITERAL_CONVERSION = YES;
				CLANG_WARN_OBJC_ROOT_CLASS = YES_ERROR;
				CLANG_WARN_QUOTED_INCLUDE_IN_FRAMEWORK_HEADER = YES;
				CLANG_WARN_RANGE_LOOP_ANALYSIS = YES;
				CLANG_WARN_STRICT_PROTOTYPES = YES;
				CLANG_WARN_SUSPICIOUS_MOVE = YES;
				CLANG_WARN_UNGUARDED_AVAILABILITY = YES_AGGRESSIVE;
				CLANG_WARN_UNREACHABLE_CODE = YES;
				CLANG_WARN__DUPLICATE_METHOD_MATCH = YES;
				COPY_PHASE_STRIP = NO;
				DEBUG_INFORMATION_FORMAT = dwarf;
				ENABLE_STRICT_OBJC_MSGSEND = YES;
				ENABLE_TESTABILITY = YES;
				GCC_C_LANGUAGE_STANDARD = gnu11;
				GCC_DYNAMIC_NO_PIC = NO;
				GCC_NO_COMMON_BLOCKS = YES;
				GCC_OPTIMIZATION_LEVEL = 0;
				GCC_PREPROCESSOR_DEFINITIONS = (
					"DEBUG=1",
					"$(inherited)",
				);
				GCC_WARN_64_TO_32_BIT_CONVERSION = YES;
				GCC_WARN_ABOUT_RETURN_TYPE = YES_ERROR;
				GCC_WARN_UNDECLARED_SELECTOR = YES;
				GCC_WARN_UNINITIALIZED_AUTOS = YES_AGGRESSIVE;
				GCC_WARN_UNUSED_FUNCTION = YES;
				GCC_WARN_UNUSED_VARIABLE = YES;
				MTL_ENABLE_DEBUG_INFO = INCLUDE_SOURCE;
				MTL_FAST_MATH = YES;
				ONLY_ACTIVE_ARCH = YES;
				SWIFT_ACTIVE_COMPILATION_CONDITIONS = DEBUG;
				SWIFT_OPTIMIZATION_LEVEL = "-Onone";
			};
			name = Debug;
		};
		BB945BC427F53629008B4A0D /* Release */ = {
			isa = XCBuildConfiguration;
			buildSettings = {
				ALWAYS_SEARCH_USER_PATHS = NO;
				CLANG_ANALYZER_NONNULL = YES;
				CLANG_ANALYZER_NUMBER_OBJECT_CONVERSION = YES_AGGRESSIVE;
				CLANG_CXX_LANGUAGE_STANDARD = "gnu++17";
				CLANG_CXX_LIBRARY = "libc++";
				CLANG_ENABLE_MODULES = YES;
				CLANG_ENABLE_OBJC_ARC = YES;
				CLANG_ENABLE_OBJC_WEAK = YES;
				CLANG_WARN_BLOCK_CAPTURE_AUTORELEASING = YES;
				CLANG_WARN_BOOL_CONVERSION = YES;
				CLANG_WARN_COMMA = YES;
				CLANG_WARN_CONSTANT_CONVERSION = YES;
				CLANG_WARN_DEPRECATED_OBJC_IMPLEMENTATIONS = YES;
				CLANG_WARN_DIRECT_OBJC_ISA_USAGE = YES_ERROR;
				CLANG_WARN_DOCUMENTATION_COMMENTS = YES;
				CLANG_WARN_EMPTY_BODY = YES;
				CLANG_WARN_ENUM_CONVERSION = YES;
				CLANG_WARN_INFINITE_RECURSION = YES;
				CLANG_WARN_INT_CONVERSION = YES;
				CLANG_WARN_NON_LITERAL_NULL_CONVERSION = YES;
				CLANG_WARN_OBJC_IMPLICIT_RETAIN_SELF = YES;
				CLANG_WARN_OBJC_LITERAL_CONVERSION = YES;
				CLANG_WARN_OBJC_ROOT_CLASS = YES_ERROR;
				CLANG_WARN_QUOTED_INCLUDE_IN_FRAMEWORK_HEADER = YES;
				CLANG_WARN_RANGE_LOOP_ANALYSIS = YES;
				CLANG_WARN_STRICT_PROTOTYPES = YES;
				CLANG_WARN_SUSPICIOUS_MOVE = YES;
				CLANG_WARN_UNGUARDED_AVAILABILITY = YES_AGGRESSIVE;
				CLANG_WARN_UNREACHABLE_CODE = YES;
				CLANG_WARN__DUPLICATE_METHOD_MATCH = YES;
				COPY_PHASE_STRIP = NO;
				DEBUG_INFORMATION_FORMAT = "dwarf-with-dsym";
				ENABLE_NS_ASSERTIONS = NO;
				ENABLE_STRICT_OBJC_MSGSEND = YES;
				GCC_C_LANGUAGE_STANDARD = gnu11;
				GCC_NO_COMMON_BLOCKS = YES;
				GCC_WARN_64_TO_32_BIT_CONVERSION = YES;
				GCC_WARN_ABOUT_RETURN_TYPE = YES_ERROR;
				GCC_WARN_UNDECLARED_SELECTOR = YES;
				GCC_WARN_UNINITIALIZED_AUTOS = YES_AGGRESSIVE;
				GCC_WARN_UNUSED_FUNCTION = YES;
				GCC_WARN_UNUSED_VARIABLE = YES;
				MTL_ENABLE_DEBUG_INFO = NO;
				MTL_FAST_MATH = YES;
				SWIFT_COMPILATION_MODE = wholemodule;
				SWIFT_OPTIMIZATION_LEVEL = "-O";
			};
			name = Release;
		};
		BB945BC627F53629008B4A0D /* Debug */ = {
			isa = XCBuildConfiguration;
			buildSettings = {
				ASSETCATALOG_COMPILER_APPICON_NAME = AppIcon;
				ASSETCATALOG_COMPILER_GLOBAL_ACCENT_COLOR_NAME = AccentColor;
				CODE_SIGN_STYLE = Automatic;
				CURRENT_PROJECT_VERSION = 1;
				DEVELOPMENT_TEAM = 66TVRTPQ3V;
				ENABLE_PREVIEWS = YES;
				GENERATE_INFOPLIST_FILE = YES;
				INFOPLIST_KEY_UIApplicationSceneManifest_Generation = YES;
				INFOPLIST_KEY_UIApplicationSupportsIndirectInputEvents = YES;
				INFOPLIST_KEY_UILaunchScreen_Generation = YES;
				INFOPLIST_KEY_UISupportedInterfaceOrientations_iPad = "UIInterfaceOrientationPortrait UIInterfaceOrientationPortraitUpsideDown UIInterfaceOrientationLandscapeLeft UIInterfaceOrientationLandscapeRight";
				INFOPLIST_KEY_UISupportedInterfaceOrientations_iPhone = "UIInterfaceOrientationPortrait UIInterfaceOrientationLandscapeLeft UIInterfaceOrientationLandscapeRight";
				IPHONEOS_DEPLOYMENT_TARGET = 15.2;
				LD_RUNPATH_SEARCH_PATHS = (
					"$(inherited)",
					"@executable_path/Frameworks",
				);
				MARKETING_VERSION = 1.0;
				PRODUCT_BUNDLE_IDENTIFIER = com.dustinolsen.InventionDice;
				PRODUCT_NAME = InventionDice;
				SDKROOT = iphoneos;
				SWIFT_EMIT_LOC_STRINGS = YES;
				SWIFT_VERSION = 5.0;
				TARGETED_DEVICE_FAMILY = "1,2";
			};
			name = Debug;
		};
		BB945BC727F53629008B4A0D /* Release */ = {
			isa = XCBuildConfiguration;
			buildSettings = {
				ASSETCATALOG_COMPILER_APPICON_NAME = AppIcon;
				ASSETCATALOG_COMPILER_GLOBAL_ACCENT_COLOR_NAME = AccentColor;
				CODE_SIGN_STYLE = Automatic;
				CURRENT_PROJECT_VERSION = 1;
				DEVELOPMENT_TEAM = 66TVRTPQ3V;
				ENABLE_PREVIEWS = YES;
				GENERATE_INFOPLIST_FILE = YES;
				INFOPLIST_KEY_UIApplicationSceneManifest_Generation = YES;
				INFOPLIST_KEY_UIApplicationSupportsIndirectInputEvents = YES;
				INFOPLIST_KEY_UILaunchScreen_Generation = YES;
				INFOPLIST_KEY_UISupportedInterfaceOrientations_iPad = "UIInterfaceOrientationPortrait UIInterfaceOrientationPortraitUpsideDown UIInterfaceOrientationLandscapeLeft UIInterfaceOrientationLandscapeRight";
				INFOPLIST_KEY_UISupportedInterfaceOrientations_iPhone = "UIInterfaceOrientationPortrait UIInterfaceOrientationLandscapeLeft UIInterfaceOrientationLandscapeRight";
				IPHONEOS_DEPLOYMENT_TARGET = 15.2;
				LD_RUNPATH_SEARCH_PATHS = (
					"$(inherited)",
					"@executable_path/Frameworks",
				);
				MARKETING_VERSION = 1.0;
				PRODUCT_BUNDLE_IDENTIFIER = com.dustinolsen.InventionDice;
				PRODUCT_NAME = InventionDice;
				SDKROOT = iphoneos;
				SWIFT_EMIT_LOC_STRINGS = YES;
				SWIFT_VERSION = 5.0;
				TARGETED_DEVICE_FAMILY = "1,2";
				VALIDATE_PRODUCT = YES;
			};
			name = Release;
		};
		BB945BC927F53629008B4A0D /* Debug */ = {
			isa = XCBuildConfiguration;
			buildSettings = {
				ASSETCATALOG_COMPILER_APPICON_NAME = AppIcon;
				ASSETCATALOG_COMPILER_GLOBAL_ACCENT_COLOR_NAME = AccentColor;
				CODE_SIGN_ENTITLEMENTS = macOS/macOS.entitlements;
				CODE_SIGN_STYLE = Automatic;
				COMBINE_HIDPI_IMAGES = YES;
				CURRENT_PROJECT_VERSION = 1;
				DEVELOPMENT_TEAM = 66TVRTPQ3V;
				ENABLE_HARDENED_RUNTIME = YES;
				ENABLE_PREVIEWS = YES;
				GENERATE_INFOPLIST_FILE = YES;
				INFOPLIST_KEY_NSHumanReadableCopyright = "";
				LD_RUNPATH_SEARCH_PATHS = (
					"$(inherited)",
					"@executable_path/../Frameworks",
				);
				MACOSX_DEPLOYMENT_TARGET = 12.1;
				MARKETING_VERSION = 1.0;
				PRODUCT_BUNDLE_IDENTIFIER = com.dustinolsen.InventionDice;
				PRODUCT_NAME = InventionDice;
				SDKROOT = macosx;
				SWIFT_EMIT_LOC_STRINGS = YES;
				SWIFT_VERSION = 5.0;
			};
			name = Debug;
		};
		BB945BCA27F53629008B4A0D /* Release */ = {
			isa = XCBuildConfiguration;
			buildSettings = {
				ASSETCATALOG_COMPILER_APPICON_NAME = AppIcon;
				ASSETCATALOG_COMPILER_GLOBAL_ACCENT_COLOR_NAME = AccentColor;
				CODE_SIGN_ENTITLEMENTS = macOS/macOS.entitlements;
				CODE_SIGN_STYLE = Automatic;
				COMBINE_HIDPI_IMAGES = YES;
				CURRENT_PROJECT_VERSION = 1;
				DEVELOPMENT_TEAM = 66TVRTPQ3V;
				ENABLE_HARDENED_RUNTIME = YES;
				ENABLE_PREVIEWS = YES;
				GENERATE_INFOPLIST_FILE = YES;
				INFOPLIST_KEY_NSHumanReadableCopyright = "";
				LD_RUNPATH_SEARCH_PATHS = (
					"$(inherited)",
					"@executable_path/../Frameworks",
				);
				MACOSX_DEPLOYMENT_TARGET = 12.1;
				MARKETING_VERSION = 1.0;
				PRODUCT_BUNDLE_IDENTIFIER = com.dustinolsen.InventionDice;
				PRODUCT_NAME = InventionDice;
				SDKROOT = macosx;
				SWIFT_EMIT_LOC_STRINGS = YES;
				SWIFT_VERSION = 5.0;
			};
			name = Release;
		};
/* End XCBuildConfiguration section */

/* Begin XCConfigurationList section */
		BB945BA427F53628008B4A0D /* Build configuration list for PBXProject "InventionDice" */ = {
			isa = XCConfigurationList;
			buildConfigurations = (
				BB945BC327F53629008B4A0D /* Debug */,
				BB945BC427F53629008B4A0D /* Release */,
			);
			defaultConfigurationIsVisible = 0;
			defaultConfigurationName = Release;
		};
		BB945BC527F53629008B4A0D /* Build configuration list for PBXNativeTarget "InventionDice (iOS)" */ = {
			isa = XCConfigurationList;
			buildConfigurations = (
				BB945BC627F53629008B4A0D /* Debug */,
				BB945BC727F53629008B4A0D /* Release */,
			);
			defaultConfigurationIsVisible = 0;
			defaultConfigurationName = Release;
		};
		BB945BC827F53629008B4A0D /* Build configuration list for PBXNativeTarget "InventionDice (macOS)" */ = {
			isa = XCConfigurationList;
			buildConfigurations = (
				BB945BC927F53629008B4A0D /* Debug */,
				BB945BCA27F53629008B4A0D /* Release */,
			);
			defaultConfigurationIsVisible = 0;
			defaultConfigurationName = Release;
		};
/* End XCConfigurationList section */

/* Begin XCVersionGroup section */
		BB945BA627F53628008B4A0D /* InventionDice.xcdatamodeld */ = {
			isa = XCVersionGroup;
			children = (
				BB945BA727F53628008B4A0D /* Shared.xcdatamodel */,
			);
			currentVersion = BB945BA727F53628008B4A0D /* Shared.xcdatamodel */;
			path = InventionDice.xcdatamodeld;
			sourceTree = "<group>";
			versionGroupType = wrapper.xcdatamodel;
		};
/* End XCVersionGroup section */
	};
	rootObject = BB945BA127F53628008B4A0D /* Project object */;
}
